
Microsoft Visual Studio Solution File, Format Version 12.00
# Visual Studio Version 17
VisualStudioVersion = 17.9.34714.143
MinimumVisualStudioVersion = 10.0.40219.1
Project("{FAE04EC0-301F-11D3-BF4B-00C04F79EFBC}") = "PrimeiroAspNet", "PrimeiroAspNet\PrimeiroAspNet.csproj", "{3E0444E8-A376-4EAC-AD93-F2609EFCC69F}"
EndProject
Global
	GlobalSection(SolutionConfigurationPlatforms) = preSolution
		Debug|Any CPU = Debug|Any CPU
		Release|Any CPU = Release|Any CPU
	EndGlobalSection
	GlobalSection(ProjectConfigurationPlatforms) = postSolution
		{3E0444E8-A376-4EAC-AD93-F2609EFCC69F}.Debug|Any CPU.ActiveCfg = Debug|Any CPU
		{3E0444E8-A376-4EAC-AD93-F2609EFCC69F}.Debug|Any CPU.Build.0 = Debug|Any CPU
		{3E0444E8-A376-4EAC-AD93-F2609EFCC69F}.Release|Any CPU.ActiveCfg = Release|Any CPU
		{3E0444E8-A376-4EAC-AD93-F2609EFCC69F}.Release|Any CPU.Build.0 = Release|Any CPU
	EndGlobalSection
	GlobalSection(SolutionProperties) = preSolution
		HideSolutionNode = FALSE
	EndGlobalSection
	GlobalSection(ExtensibilityGlobals) = postSolution
		SolutionGuid = {90849FEE-1AFF-430C-9B01-73D1221AB334}
	EndGlobalSection
EndGlobal
